# THIS IS AN AUTOGENERATED FILE. DO NOT EDIT THIS FILE DIRECTLY.
# yarn lockfile v1


"@tiptap/extension-placeholder@^2.4.0":
  version "2.4.0"
  resolved "https://registry.npmjs.org/@tiptap/extension-placeholder/-/extension-placeholder-2.4.0.tgz"
  integrity sha512-SmWOjgWpmhFt0BPOnL65abCUH0wS5yksUJgtANn5bQoHF4HFSsyl7ETRmgf0ykxdjc7tzOg31FfpWVH4wzKSYg==
